
Microsoft Visual Studio Solution File, Format Version 12.00
# Visual Studio 15
VisualStudioVersion = 15.0.28307.168
MinimumVisualStudioVersion = 10.0.40219.1
Project("{FAE04EC0-301F-11D3-BF4B-00C04F79EFBC}") = "CustomSerialize", "CustomSerialize\CustomSerialize.csproj", "{C620A5B2-0276-4CE4-920A-2B035E534732}"
EndProject
Global
	GlobalSection(SolutionConfigurationPlatforms) = preSolution
		Debug|Any CPU = Debug|Any CPU
		Release|Any CPU = Release|Any CPU
	EndGlobalSection
	GlobalSection(ProjectConfigurationPlatforms) = postSolution
		{C620A5B2-0276-4CE4-920A-2B035E534732}.Debug|Any CPU.ActiveCfg = Debug|Any CPU
		{C620A5B2-0276-4CE4-920A-2B035E534732}.Debug|Any CPU.Build.0 = Debug|Any CPU
		{C620A5B2-0276-4CE4-920A-2B035E534732}.Release|Any CPU.ActiveCfg = Release|Any CPU
		{C620A5B2-0276-4CE4-920A-2B035E534732}.Release|Any CPU.Build.0 = Release|Any CPU
	EndGlobalSection
	GlobalSection(SolutionProperties) = preSolution
		HideSolutionNode = FALSE
	EndGlobalSection
	GlobalSection(ExtensibilityGlobals) = postSolution
		SolutionGuid = {4FD08DA9-0E1E-4E08-A4E8-D5C48F17251C}
	EndGlobalSection
EndGlobal
